
Microsoft Visual Studio Solution File, Format Version 12.00
# Visual Studio Version 17
VisualStudioVersion = 17.4.33103.184
MinimumVisualStudioVersion = 10.0.40219.1
Project("{9A19103F-16F7-4668-BE54-9A1E7A4F7556}") = "Day01", "2015\Day1\Day01.csproj", "{068EE140-13A9-43B3-8A22-028E8524AC42}"
EndProject
Project("{2150E333-8FDC-42A3-9474-1A3956D46DE8}") = "2015", "2015", "{4E231C9E-09C4-4AF5-8CDE-84BA9BDF3ED3}"
EndProject
Project("{9A19103F-16F7-4668-BE54-9A1E7A4F7556}") = "Day02", "2015\Day2\Day02.csproj", "{D736D8A8-9616-49F9-92A7-16F4C97A096C}"
EndProject
Project("{9A19103F-16F7-4668-BE54-9A1E7A4F7556}") = "Day03", "2015\Day3\Day03.csproj", "{2342D7DC-A704-426D-90A6-F8A160B11043}"
EndProject
Project("{9A19103F-16F7-4668-BE54-9A1E7A4F7556}") = "Day04", "2015\Day4\Day04.csproj", "{B9CF1A8F-8A28-4862-B461-716384A161D6}"
EndProject
Project("{9A19103F-16F7-4668-BE54-9A1E7A4F7556}") = "Day05", "2015\Day5\Day05.csproj", "{812A889E-7F98-437D-9E81-60B6521D1C6A}"
EndProject
Project("{9A19103F-16F7-4668-BE54-9A1E7A4F7556}") = "Day06", "2015\Day6\Day06.csproj", "{98152248-52B9-44AD-979F-A68CCD1D4C26}"
EndProject
Project("{9A19103F-16F7-4668-BE54-9A1E7A4F7556}") = "Day07", "2015\Day7\Day07.csproj", "{0102653E-06A7-4D78-B4EB-E55FF5CDB29C}"
EndProject
Project("{9A19103F-16F7-4668-BE54-9A1E7A4F7556}") = "Day08", "2015\Day8\Day08.csproj", "{F25B4890-1002-49E2-B66D-A42264DE281C}"
EndProject
Project("{9A19103F-16F7-4668-BE54-9A1E7A4F7556}") = "Day09", "2015\Day9\Day09.csproj", "{DBD3049B-7152-4D48-BDF4-8374287FAFFB}"
EndProject
Project("{9A19103F-16F7-4668-BE54-9A1E7A4F7556}") = "Day10", "2015\Day10\Day10.csproj", "{4D2F0839-F8DE-4779-81E7-DC211E2C38F2}"
EndProject
Project("{9A19103F-16F7-4668-BE54-9A1E7A4F7556}") = "Day11", "2015\Day11\Day11.csproj", "{AD678560-9ED1-4BCE-B42B-FDC1C103DEE6}"
EndProject
Project("{9A19103F-16F7-4668-BE54-9A1E7A4F7556}") = "Day12", "2015\Day12\Day12.csproj", "{FAA88692-3992-408B-9FDA-6C16AE89C716}"
EndProject
Project("{9A19103F-16F7-4668-BE54-9A1E7A4F7556}") = "Day13", "2015\Day13\Day13.csproj", "{B416387D-6F5A-4D88-BA2F-A45B8FC5E7D4}"
EndProject
Project("{9A19103F-16F7-4668-BE54-9A1E7A4F7556}") = "Day14", "2015\Day14\Day14.csproj", "{00FEA98E-7E8C-4F21-B145-E99FCC63C7C6}"
EndProject
Project("{FAE04EC0-301F-11D3-BF4B-00C04F79EFBC}") = "Day15", "2015\Day15\Day15.csproj", "{F100FF18-E742-4BE0-9129-83627C8F1C11}"
EndProject
Global
	GlobalSection(SolutionConfigurationPlatforms) = preSolution
		Debug|Any CPU = Debug|Any CPU
		Release|Any CPU = Release|Any CPU
	EndGlobalSection
	GlobalSection(ProjectConfigurationPlatforms) = postSolution
		{068EE140-13A9-43B3-8A22-028E8524AC42}.Debug|Any CPU.ActiveCfg = Debug|Any CPU
		{068EE140-13A9-43B3-8A22-028E8524AC42}.Debug|Any CPU.Build.0 = Debug|Any CPU
		{068EE140-13A9-43B3-8A22-028E8524AC42}.Release|Any CPU.ActiveCfg = Release|Any CPU
		{068EE140-13A9-43B3-8A22-028E8524AC42}.Release|Any CPU.Build.0 = Release|Any CPU
		{D736D8A8-9616-49F9-92A7-16F4C97A096C}.Debug|Any CPU.ActiveCfg = Debug|Any CPU
		{D736D8A8-9616-49F9-92A7-16F4C97A096C}.Debug|Any CPU.Build.0 = Debug|Any CPU
		{D736D8A8-9616-49F9-92A7-16F4C97A096C}.Release|Any CPU.ActiveCfg = Release|Any CPU
		{D736D8A8-9616-49F9-92A7-16F4C97A096C}.Release|Any CPU.Build.0 = Release|Any CPU
		{2342D7DC-A704-426D-90A6-F8A160B11043}.Debug|Any CPU.ActiveCfg = Debug|Any CPU
		{2342D7DC-A704-426D-90A6-F8A160B11043}.Debug|Any CPU.Build.0 = Debug|Any CPU
		{2342D7DC-A704-426D-90A6-F8A160B11043}.Release|Any CPU.ActiveCfg = Release|Any CPU
		{2342D7DC-A704-426D-90A6-F8A160B11043}.Release|Any CPU.Build.0 = Release|Any CPU
		{B9CF1A8F-8A28-4862-B461-716384A161D6}.Debug|Any CPU.ActiveCfg = Debug|Any CPU
		{B9CF1A8F-8A28-4862-B461-716384A161D6}.Debug|Any CPU.Build.0 = Debug|Any CPU
		{B9CF1A8F-8A28-4862-B461-716384A161D6}.Release|Any CPU.ActiveCfg = Release|Any CPU
		{B9CF1A8F-8A28-4862-B461-716384A161D6}.Release|Any CPU.Build.0 = Release|Any CPU
		{812A889E-7F98-437D-9E81-60B6521D1C6A}.Debug|Any CPU.ActiveCfg = Debug|Any CPU
		{812A889E-7F98-437D-9E81-60B6521D1C6A}.Debug|Any CPU.Build.0 = Debug|Any CPU
		{812A889E-7F98-437D-9E81-60B6521D1C6A}.Release|Any CPU.ActiveCfg = Release|Any CPU
		{812A889E-7F98-437D-9E81-60B6521D1C6A}.Release|Any CPU.Build.0 = Release|Any CPU
		{98152248-52B9-44AD-979F-A68CCD1D4C26}.Debug|Any CPU.ActiveCfg = Debug|Any CPU
		{98152248-52B9-44AD-979F-A68CCD1D4C26}.Debug|Any CPU.Build.0 = Debug|Any CPU
		{98152248-52B9-44AD-979F-A68CCD1D4C26}.Release|Any CPU.ActiveCfg = Release|Any CPU
		{98152248-52B9-44AD-979F-A68CCD1D4C26}.Release|Any CPU.Build.0 = Release|Any CPU
		{0102653E-06A7-4D78-B4EB-E55FF5CDB29C}.Debug|Any CPU.ActiveCfg = Debug|Any CPU
		{0102653E-06A7-4D78-B4EB-E55FF5CDB29C}.Debug|Any CPU.Build.0 = Debug|Any CPU
		{0102653E-06A7-4D78-B4EB-E55FF5CDB29C}.Release|Any CPU.ActiveCfg = Release|Any CPU
		{0102653E-06A7-4D78-B4EB-E55FF5CDB29C}.Release|Any CPU.Build.0 = Release|Any CPU
		{F25B4890-1002-49E2-B66D-A42264DE281C}.Debug|Any CPU.ActiveCfg = Debug|Any CPU
		{F25B4890-1002-49E2-B66D-A42264DE281C}.Debug|Any CPU.Build.0 = Debug|Any CPU
		{F25B4890-1002-49E2-B66D-A42264DE281C}.Release|Any CPU.ActiveCfg = Release|Any CPU
		{F25B4890-1002-49E2-B66D-A42264DE281C}.Release|Any CPU.Build.0 = Release|Any CPU
		{DBD3049B-7152-4D48-BDF4-8374287FAFFB}.Debug|Any CPU.ActiveCfg = Debug|Any CPU
		{DBD3049B-7152-4D48-BDF4-8374287FAFFB}.Debug|Any CPU.Build.0 = Debug|Any CPU
		{DBD3049B-7152-4D48-BDF4-8374287FAFFB}.Release|Any CPU.ActiveCfg = Release|Any CPU
		{DBD3049B-7152-4D48-BDF4-8374287FAFFB}.Release|Any CPU.Build.0 = Release|Any CPU
		{4D2F0839-F8DE-4779-81E7-DC211E2C38F2}.Debug|Any CPU.ActiveCfg = Debug|Any CPU
		{4D2F0839-F8DE-4779-81E7-DC211E2C38F2}.Debug|Any CPU.Build.0 = Debug|Any CPU
		{4D2F0839-F8DE-4779-81E7-DC211E2C38F2}.Release|Any CPU.ActiveCfg = Release|Any CPU
		{4D2F0839-F8DE-4779-81E7-DC211E2C38F2}.Release|Any CPU.Build.0 = Release|Any CPU
		{AD678560-9ED1-4BCE-B42B-FDC1C103DEE6}.Debug|Any CPU.ActiveCfg = Debug|Any CPU
		{AD678560-9ED1-4BCE-B42B-FDC1C103DEE6}.Debug|Any CPU.Build.0 = Debug|Any CPU
		{AD678560-9ED1-4BCE-B42B-FDC1C103DEE6}.Release|Any CPU.ActiveCfg = Release|Any CPU
		{AD678560-9ED1-4BCE-B42B-FDC1C103DEE6}.Release|Any CPU.Build.0 = Release|Any CPU
		{FAA88692-3992-408B-9FDA-6C16AE89C716}.Debug|Any CPU.ActiveCfg = Debug|Any CPU
		{FAA88692-3992-408B-9FDA-6C16AE89C716}.Debug|Any CPU.Build.0 = Debug|Any CPU
		{FAA88692-3992-408B-9FDA-6C16AE89C716}.Release|Any CPU.ActiveCfg = Release|Any CPU
		{FAA88692-3992-408B-9FDA-6C16AE89C716}.Release|Any CPU.Build.0 = Release|Any CPU
		{B416387D-6F5A-4D88-BA2F-A45B8FC5E7D4}.Debug|Any CPU.ActiveCfg = Debug|Any CPU
		{B416387D-6F5A-4D88-BA2F-A45B8FC5E7D4}.Debug|Any CPU.Build.0 = Debug|Any CPU
		{B416387D-6F5A-4D88-BA2F-A45B8FC5E7D4}.Release|Any CPU.ActiveCfg = Release|Any CPU
		{B416387D-6F5A-4D88-BA2F-A45B8FC5E7D4}.Release|Any CPU.Build.0 = Release|Any CPU
		{00FEA98E-7E8C-4F21-B145-E99FCC63C7C6}.Debug|Any CPU.ActiveCfg = Debug|Any CPU
		{00FEA98E-7E8C-4F21-B145-E99FCC63C7C6}.Debug|Any CPU.Build.0 = Debug|Any CPU
		{00FEA98E-7E8C-4F21-B145-E99FCC63C7C6}.Release|Any CPU.ActiveCfg = Release|Any CPU
		{00FEA98E-7E8C-4F21-B145-E99FCC63C7C6}.Release|Any CPU.Build.0 = Release|Any CPU
		{F100FF18-E742-4BE0-9129-83627C8F1C11}.Debug|Any CPU.ActiveCfg = Debug|Any CPU
		{F100FF18-E742-4BE0-9129-83627C8F1C11}.Debug|Any CPU.Build.0 = Debug|Any CPU
		{F100FF18-E742-4BE0-9129-83627C8F1C11}.Release|Any CPU.ActiveCfg = Release|Any CPU
		{F100FF18-E742-4BE0-9129-83627C8F1C11}.Release|Any CPU.Build.0 = Release|Any CPU
	EndGlobalSection
	GlobalSection(SolutionProperties) = preSolution
		HideSolutionNode = FALSE
	EndGlobalSection
	GlobalSection(NestedProjects) = preSolution
		{068EE140-13A9-43B3-8A22-028E8524AC42} = {4E231C9E-09C4-4AF5-8CDE-84BA9BDF3ED3}
		{D736D8A8-9616-49F9-92A7-16F4C97A096C} = {4E231C9E-09C4-4AF5-8CDE-84BA9BDF3ED3}
		{2342D7DC-A704-426D-90A6-F8A160B11043} = {4E231C9E-09C4-4AF5-8CDE-84BA9BDF3ED3}
		{B9CF1A8F-8A28-4862-B461-716384A161D6} = {4E231C9E-09C4-4AF5-8CDE-84BA9BDF3ED3}
		{812A889E-7F98-437D-9E81-60B6521D1C6A} = {4E231C9E-09C4-4AF5-8CDE-84BA9BDF3ED3}
		{98152248-52B9-44AD-979F-A68CCD1D4C26} = {4E231C9E-09C4-4AF5-8CDE-84BA9BDF3ED3}
		{0102653E-06A7-4D78-B4EB-E55FF5CDB29C} = {4E231C9E-09C4-4AF5-8CDE-84BA9BDF3ED3}
		{F25B4890-1002-49E2-B66D-A42264DE281C} = {4E231C9E-09C4-4AF5-8CDE-84BA9BDF3ED3}
		{DBD3049B-7152-4D48-BDF4-8374287FAFFB} = {4E231C9E-09C4-4AF5-8CDE-84BA9BDF3ED3}
		{4D2F0839-F8DE-4779-81E7-DC211E2C38F2} = {4E231C9E-09C4-4AF5-8CDE-84BA9BDF3ED3}
		{AD678560-9ED1-4BCE-B42B-FDC1C103DEE6} = {4E231C9E-09C4-4AF5-8CDE-84BA9BDF3ED3}
		{FAA88692-3992-408B-9FDA-6C16AE89C716} = {4E231C9E-09C4-4AF5-8CDE-84BA9BDF3ED3}
		{B416387D-6F5A-4D88-BA2F-A45B8FC5E7D4} = {4E231C9E-09C4-4AF5-8CDE-84BA9BDF3ED3}
		{00FEA98E-7E8C-4F21-B145-E99FCC63C7C6} = {4E231C9E-09C4-4AF5-8CDE-84BA9BDF3ED3}
		{F100FF18-E742-4BE0-9129-83627C8F1C11} = {4E231C9E-09C4-4AF5-8CDE-84BA9BDF3ED3}
	EndGlobalSection
	GlobalSection(ExtensibilityGlobals) = postSolution
		SolutionGuid = {CD4FFA74-9C83-494A-96E9-E424FC574237}
	EndGlobalSection
EndGlobal
